# THIS IS AN AUTOGENERATED FILE. DO NOT EDIT THIS FILE DIRECTLY.
# yarn lockfile v1


"@prisma/cli@^2.0.0-beta.4":
  version "2.0.0-beta.4"
  resolved "https://registry.yarnpkg.com/@prisma/cli/-/cli-2.0.0-beta.4.tgz#4989dab626ba5de0591af1a14f423db4838a5e8c"
  integrity sha512-z9si4cmn/dN7bxVx3hbdDFL6fQuosTzj45EhVrCYt6VCWcJ5jYn0Fzamr+npZvbR/Gl6eLhexXP1sa7iGe8gjA==

"@prisma/client@^2.0.0-beta.4":
  version "2.0.0-beta.4"
  resolved "https://registry.yarnpkg.com/@prisma/client/-/client-2.0.0-beta.4.tgz#fd94c3780108d9886c31526e85eba42369050f0c"
  integrity sha512-LEtHIQVJrM7Y8H0G288sKxvsFv1od7tG8SiaWQvzv51AZo7IsK+n+wJ8A1/tJ6eL/7UQWHZQjZN7JLgpxetFvw==

uuid@^8.0.0:
  version "8.0.0"
  resolved "https://registry.yarnpkg.com/uuid/-/uuid-8.0.0.tgz#bc6ccf91b5ff0ac07bbcdbf1c7c4e150db4dbb6c"
  integrity sha512-jOXGuXZAWdsTH7eZLtyXMqUb9EcWMGZNbL9YcGBJl4MH4nrxHmZJhEHvyLFrkxo+28uLb/NYRcStH48fnD0Vzw==
